// !$*UTF8*$!
{
	archiveVersion = 1;
	classes = {
	};
	objectVersion = 46;
	objects = {

/* Begin PBXBuildFile section */
		903C3B691DB84EBF004CAF05 /* main.cpp in Sources */ = {isa = PBXBuildFile; fileRef = 903C3B681DB84EBF004CAF05 /* main.cpp */; };
		90F6A2EE1DB930960045B4C4 /* test.cpp in Sources */ = {isa = PBXBuildFile; fileRef = 90F6A2EC1DB930960045B4C4 /* test.cpp */; };
/* End PBXBuildFile section */

/* Begin PBXCopyFilesBuildPhase section */
		903C3B631DB84EBE004CAF05 /* CopyFiles */ = {
			isa = PBXCopyFilesBuildPhase;
			buildActionMask = 2147483647;
			dstPath = Users/jenliu/Documents/Studying;
			dstSubfolderSpec = 16;
			files = (
			);
			runOnlyForDeploymentPostprocessing = 1;
		};
/* End PBXCopyFilesBuildPhase section */

/* Begin PBXFileReference section */
		903C3B651DB84EBF004CAF05 /* Lab1mips */ = {isa = PBXFileReference; explicitFileType = "compiled.mach-o.executable"; includeInIndex = 0; path = Lab1mips; sourceTree = BUILT_PRODUCTS_DIR; };
		903C3B681DB84EBF004CAF05 /* main.cpp */ = {isa = PBXFileReference; lastKnownFileType = sourcecode.cpp.cpp; path = main.cpp; sourceTree = "<group>"; };
		90F6A2EC1DB930960045B4C4 /* test.cpp */ = {isa = PBXFileReference; fileEncoding = 4; lastKnownFileType = sourcecode.cpp.cpp; path = test.cpp; sourceTree = "<group>"; };
		90F6A2ED1DB930960045B4C4 /* test.hpp */ = {isa = PBXFileReference; fileEncoding = 4; lastKnownFileType = sourcecode.cpp.h; path = test.hpp; sourceTree = "<group>"; };
		90F6A2EF1DB93B7A0045B4C4 /* dmem.txt */ = {isa = PBXFileReference; fileEncoding = 4; lastKnownFileType = text; name = dmem.txt; path = Lab1mips/dmem.txt; sourceTree = "<group>"; };
		90F6A2F01DB93B7A0045B4C4 /* imem.txt */ = {isa = PBXFileReference; fileEncoding = 4; lastKnownFileType = text; name = imem.txt; path = Lab1mips/imem.txt; sourceTree = "<group>"; };
/* End PBXFileReference section */

/* Begin PBXFrameworksBuildPhase section */
		903C3B621DB84EBE004CAF05 /* Frameworks */ = {
			isa = PBXFrameworksBuildPhase;
			buildActionMask = 2147483647;
			files = (
			);
			runOnlyForDeploymentPostprocessing = 0;
		};
/* End PBXFrameworksBuildPhase section */

/* Begin PBXGroup section */
		903C3B5C1DB84EBE004CAF05 = {
			isa = PBXGroup;
			children = (
				90F6A2EF1DB93B7A0045B4C4 /* dmem.txt */,
				90F6A2F01DB93B7A0045B4C4 /* imem.txt */,
				903C3B671DB84EBF004CAF05 /* Lab1mips */,
				903C3B661DB84EBF004CAF05 /* Products */,
			);
			sourceTree = "<group>";
		};
		903C3B661DB84EBF004CAF05 /* Products */ = {
			isa = PBXGroup;
			children = (
				903C3B651DB84EBF004CAF05 /* Lab1mips */,
			);
			name = Products;
			sourceTree = "<group>";
		};
		903C3B671DB84EBF004CAF05 /* Lab1mips */ = {
			isa = PBXGroup;
			children = (
				903C3B681DB84EBF004CAF05 /* main.cpp */,
				90F6A2EC1DB930960045B4C4 /* test.cpp */,
				90F6A2ED1DB930960045B4C4 /* test.hpp */,
			);
			path = Lab1mips;
			sourceTree = "<group>";
		};
/* End PBXGroup section */

/* Begin PBXNativeTarget section */
		903C3B641DB84EBE004CAF05 /* Lab1mips */ = {
			isa = PBXNativeTarget;
			buildConfigurationList = 903C3B6C1DB84EBF004CAF05 /* Build configuration list for PBXNativeTarget "Lab1mips" */;
			buildPhases = (
				903C3B611DB84EBE004CAF05 /* Sources */,
				903C3B621DB84EBE004CAF05 /* Frameworks */,
				903C3B631DB84EBE004CAF05 /* CopyFiles */,
			);
			buildRules = (
			);
			dependencies = (
			);
			name = Lab1mips;
			productName = Lab1mips;
			productReference = 903C3B651DB84EBF004CAF05 /* Lab1mips */;
			productType = "com.apple.product-type.tool";
		};
/* End PBXNativeTarget section */

/* Begin PBXProject section */
		903C3B5D1DB84EBE004CAF05 /* Project object */ = {
			isa = PBXProject;
			attributes = {
				LastUpgradeCheck = 0800;
				ORGANIZATIONNAME = "Jen Liu";
				TargetAttributes = {
					903C3B641DB84EBE004CAF05 = {
						CreatedOnToolsVersion = 8.0;
						ProvisioningStyle = Automatic;
					};
				};
			};
			buildConfigurationList = 903C3B601DB84EBE004CAF05 /* Build configuration list for PBXProject "Lab1mips" */;
			compatibilityVersion = "Xcode 3.2";
			developmentRegion = English;
			hasScannedForEncodings = 0;
			knownRegions = (
				en,
			);
			mainGroup = 903C3B5C1DB84EBE004CAF05;
			productRefGroup = 903C3B661DB84EBF004CAF05 /* Products */;
			projectDirPath = "";
			projectRoot = "";
			targets = (
				903C3B641DB84EBE004CAF05 /* Lab1mips */,
			);
		};
/* End PBXProject section */

/* Begin PBXSourcesBuildPhase section */
		903C3B611DB84EBE004CAF05 /* Sources */ = {
			isa = PBXSourcesBuildPhase;
			buildActionMask = 2147483647;
			files = (
				903C3B691DB84EBF004CAF05 /* main.cpp in Sources */,
				90F6A2EE1DB930960045B4C4 /* test.cpp in Sources */,
			);
			runOnlyForDeploymentPostprocessing = 0;
		};
/* End PBXSourcesBuildPhase section */

/* Begin XCBuildConfiguration section */
		903C3B6A1DB84EBF004CAF05 /* Debug */ = {
			isa = XCBuildConfiguration;
			buildSettings = {
				ALWAYS_SEARCH_USER_PATHS = NO;
				CLANG_ANALYZER_NONNULL = YES;
				CLANG_CXX_LANGUAGE_STANDARD = "gnu++0x";
				CLANG_CXX_LIBRARY = "libc++";
				CLANG_ENABLE_MODULES = YES;
				CLANG_ENABLE_OBJC_ARC = YES;
				CLANG_WARN_BOOL_CONVERSION = YES;
				CLANG_WARN_CONSTANT_CONVERSION = YES;
				CLANG_WARN_DIRECT_OBJC_ISA_USAGE = YES_ERROR;
				CLANG_WARN_DOCUMENTATION_COMMENTS = YES;
				CLANG_WARN_EMPTY_BODY = YES;
				CLANG_WARN_ENUM_CONVERSION = YES;
				CLANG_WARN_INFINITE_RECURSION = YES;
				CLANG_WARN_INT_CONVERSION = YES;
				CLANG_WARN_OBJC_ROOT_CLASS = YES_ERROR;
				CLANG_WARN_SUSPICIOUS_MOVES = YES;
				CLANG_WARN_UNREACHABLE_CODE = YES;
				CLANG_WARN__DUPLICATE_METHOD_MATCH = YES;
				CODE_SIGN_IDENTITY = "-";
				COPY_PHASE_STRIP = NO;
				DEBUG_INFORMATION_FORMAT = dwarf;
				ENABLE_STRICT_OBJC_MSGSEND = YES;
				ENABLE_TESTABILITY = YES;
				GCC_C_LANGUAGE_STANDARD = gnu99;
				GCC_DYNAMIC_NO_PIC = NO;
				GCC_NO_COMMON_BLOCKS = YES;
				GCC_OPTIMIZATION_LEVEL = 0;
				GCC_PREPROCESSOR_DEFINITIONS = (
					"DEBUG=1",
					"$(inherited)",
				);
				GCC_WARN_64_TO_32_BIT_CONVERSION = YES;
				GCC_WARN_ABOUT_RETURN_TYPE = YES_ERROR;
				GCC_WARN_UNDECLARED_SELECTOR = YES;
				GCC_WARN_UNINITIALIZED_AUTOS = YES_AGGRESSIVE;
				GCC_WARN_UNUSED_FUNCTION = YES;
				GCC_WARN_UNUSED_VARIABLE = YES;
				MACOSX_DEPLOYMENT_TARGET = 10.11;
				MTL_ENABLE_DEBUG_INFO = YES;
				ONLY_ACTIVE_ARCH = YES;
				SDKROOT = macosx;
			};
			name = Debug;
		};
		903C3B6B1DB84EBF004CAF05 /* Release */ = {
			isa = XCBuildConfiguration;
			buildSettings = {
				ALWAYS_SEARCH_USER_PATHS = NO;
				CLANG_ANALYZER_NONNULL = YES;
				CLANG_CXX_LANGUAGE_STANDARD = "gnu++0x";
				CLANG_CXX_LIBRARY = "libc++";
				CLANG_ENABLE_MODULES = YES;
				CLANG_ENABLE_OBJC_ARC = YES;
				CLANG_WARN_BOOL_CONVERSION = YES;
				CLANG_WARN_CONSTANT_CONVERSION = YES;
				CLANG_WARN_DIRECT_OBJC_ISA_USAGE = YES_ERROR;
				CLANG_WARN_DOCUMENTATION_COMMENTS = YES;
				CLANG_WARN_EMPTY_BODY = YES;
				CLANG_WARN_ENUM_CONVERSION = YES;
				CLANG_WARN_INFINITE_RECURSION = YES;
				CLANG_WARN_INT_CONVERSION = YES;
				CLANG_WARN_OBJC_ROOT_CLASS = YES_ERROR;
				CLANG_WARN_SUSPICIOUS_MOVES = YES;
				CLANG_WARN_UNREACHABLE_CODE = YES;
				CLANG_WARN__DUPLICATE_METHOD_MATCH = YES;
				CODE_SIGN_IDENTITY = "-";
				COPY_PHASE_STRIP = NO;
				DEBUG_INFORMATION_FORMAT = "dwarf-with-dsym";
				ENABLE_NS_ASSERTIONS = NO;
				ENABLE_STRICT_OBJC_MSGSEND = YES;
				GCC_C_LANGUAGE_STANDARD = gnu99;
				GCC_NO_COMMON_BLOCKS = YES;
				GCC_WARN_64_TO_32_BIT_CONVERSION = YES;
				GCC_WARN_ABOUT_RETURN_TYPE = YES_ERROR;
				GCC_WARN_UNDECLARED_SELECTOR = YES;
				GCC_WARN_UNINITIALIZED_AUTOS = YES_AGGRESSIVE;
				GCC_WARN_UNUSED_FUNCTION = YES;
				GCC_WARN_UNUSED_VARIABLE = YES;
				MACOSX_DEPLOYMENT_TARGET = 10.11;
				MTL_ENABLE_DEBUG_INFO = NO;
				SDKROOT = macosx;
			};
			name = Release;
		};
		903C3B6D1DB84EBF004CAF05 /* Debug */ = {
			isa = XCBuildConfiguration;
			buildSettings = {
				PRODUCT_NAME = "$(TARGET_NAME)";
			};
			name = Debug;
		};
		903C3B6E1DB84EBF004CAF05 /* Release */ = {
			isa = XCBuildConfiguration;
			buildSettings = {
				PRODUCT_NAME = "$(TARGET_NAME)";
			};
			name = Release;
		};
/* End XCBuildConfiguration section */

/* Begin XCConfigurationList section */
		903C3B601DB84EBE004CAF05 /* Build configuration list for PBXProject "Lab1mips" */ = {
			isa = XCConfigurationList;
			buildConfigurations = (
				903C3B6A1DB84EBF004CAF05 /* Debug */,
				903C3B6B1DB84EBF004CAF05 /* Release */,
			);
			defaultConfigurationIsVisible = 0;
			defaultConfigurationName = Release;
		};
		903C3B6C1DB84EBF004CAF05 /* Build configuration list for PBXNativeTarget "Lab1mips" */ = {
			isa = XCConfigurationList;
			buildConfigurations = (
				903C3B6D1DB84EBF004CAF05 /* Debug */,
				903C3B6E1DB84EBF004CAF05 /* Release */,
			);
			defaultConfigurationIsVisible = 0;
			defaultConfigurationName = Release;
		};
/* End XCConfigurationList section */
	};
	rootObject = 903C3B5D1DB84EBE004CAF05 /* Project object */;
}
